
Microsoft Visual Studio Solution File, Format Version 12.00
# Visual Studio Version 17
VisualStudioVersion = 17.5.2.0
MinimumVisualStudioVersion = 10.0.40219.1
Project("{FAE04EC0-301F-11D3-BF4B-00C04F79EFBC}") = "Entrada e Saída de Alunos", "Entrada e Saída de Alunos.csproj", "{C05EFD7A-5CC4-4858-57C7-744E424935BD}"
EndProject
Global
	GlobalSection(SolutionConfigurationPlatforms) = preSolution
		Debug|Any CPU = Debug|Any CPU
		Release|Any CPU = Release|Any CPU
	EndGlobalSection
	GlobalSection(ProjectConfigurationPlatforms) = postSolution
		{C05EFD7A-5CC4-4858-57C7-744E424935BD}.Debug|Any CPU.ActiveCfg = Debug|Any CPU
		{C05EFD7A-5CC4-4858-57C7-744E424935BD}.Debug|Any CPU.Build.0 = Debug|Any CPU
		{C05EFD7A-5CC4-4858-57C7-744E424935BD}.Release|Any CPU.ActiveCfg = Release|Any CPU
		{C05EFD7A-5CC4-4858-57C7-744E424935BD}.Release|Any CPU.Build.0 = Release|Any CPU
	EndGlobalSection
	GlobalSection(SolutionProperties) = preSolution
		HideSolutionNode = FALSE
	EndGlobalSection
	GlobalSection(ExtensibilityGlobals) = postSolution
		SolutionGuid = {2931D6A9-C10A-43DF-A254-0AAA031A97C4}
	EndGlobalSection
EndGlobal
